// !$*UTF8*$!
{
	archiveVersion = 1;
	classes = {
	};
	objectVersion = 46;
	objects = {

/* Begin PBXBuildFile section */
		51BDA1F1173C1CB300BD2C19 /* UIKit.framework in Frameworks */ = {isa = PBXBuildFile; fileRef = 51BDA1F0173C1CB300BD2C19 /* UIKit.framework */; };
		51BDA1F3173C1CB300BD2C19 /* Foundation.framework in Frameworks */ = {isa = PBXBuildFile; fileRef = 51BDA1F2173C1CB300BD2C19 /* Foundation.framework */; };
		51BDA1F5173C1CB300BD2C19 /* CoreGraphics.framework in Frameworks */ = {isa = PBXBuildFile; fileRef = 51BDA1F4173C1CB300BD2C19 /* CoreGraphics.framework */; };
		51BDA1FB173C1CB400BD2C19 /* InfoPlist.strings in Resources */ = {isa = PBXBuildFile; fileRef = 51BDA1F9173C1CB400BD2C19 /* InfoPlist.strings */; };
		51BDA1FD173C1CB400BD2C19 /* main.m in Sources */ = {isa = PBXBuildFile; fileRef = 51BDA1FC173C1CB400BD2C19 /* main.m */; };
		51BDA201173C1CB400BD2C19 /* AppDelegate.m in Sources */ = {isa = PBXBuildFile; fileRef = 51BDA200173C1CB400BD2C19 /* AppDelegate.m */; };
		51BDA203173C1CB400BD2C19 /* Default.png in Resources */ = {isa = PBXBuildFile; fileRef = 51BDA202173C1CB400BD2C19 /* Default.png */; };
		51BDA205173C1CB400BD2C19 /* Default@2x.png in Resources */ = {isa = PBXBuildFile; fileRef = 51BDA204173C1CB400BD2C19 /* Default@2x.png */; };
		51BDA207173C1CB400BD2C19 /* Default-568h@2x.png in Resources */ = {isa = PBXBuildFile; fileRef = 51BDA206173C1CB400BD2C19 /* Default-568h@2x.png */; };
		51BDA20A173C1CB400BD2C19 /* MainStoryboard.storyboard in Resources */ = {isa = PBXBuildFile; fileRef = 51BDA208173C1CB400BD2C19 /* MainStoryboard.storyboard */; };
		51BDA20D173C1CB400BD2C19 /* ViewController.m in Sources */ = {isa = PBXBuildFile; fileRef = 51BDA20C173C1CB400BD2C19 /* ViewController.m */; };
		51BDA231173C1E0200BD2C19 /* MobileCoreServices.framework in Frameworks */ = {isa = PBXBuildFile; fileRef = 51BDA230173C1E0200BD2C19 /* MobileCoreServices.framework */; };
		51BDA233173C1E2700BD2C19 /* SystemConfiguration.framework in Frameworks */ = {isa = PBXBuildFile; fileRef = 51BDA232173C1E2700BD2C19 /* SystemConfiguration.framework */; };
		51BDA24E173EE4FF00BD2C19 /* MKAnnotationView+WebCache.m in Sources */ = {isa = PBXBuildFile; fileRef = 51BDA236173EE4FF00BD2C19 /* MKAnnotationView+WebCache.m */; };
		51BDA24F173EE4FF00BD2C19 /* NSData+GIF.m in Sources */ = {isa = PBXBuildFile; fileRef = 51BDA238173EE4FF00BD2C19 /* NSData+GIF.m */; };
		51BDA250173EE4FF00BD2C19 /* SDImageCache.m in Sources */ = {isa = PBXBuildFile; fileRef = 51BDA23A173EE4FF00BD2C19 /* SDImageCache.m */; };
		51BDA251173EE4FF00BD2C19 /* SDWebImageCompat.m in Sources */ = {isa = PBXBuildFile; fileRef = 51BDA23C173EE4FF00BD2C19 /* SDWebImageCompat.m */; };
		51BDA252173EE4FF00BD2C19 /* SDWebImageDecoder.m in Sources */ = {isa = PBXBuildFile; fileRef = 51BDA23E173EE4FF00BD2C19 /* SDWebImageDecoder.m */; };
		51BDA253173EE4FF00BD2C19 /* SDWebImageDownloader.m in Sources */ = {isa = PBXBuildFile; fileRef = 51BDA240173EE4FF00BD2C19 /* SDWebImageDownloader.m */; };
		51BDA254173EE4FF00BD2C19 /* SDWebImageDownloaderOperation.m in Sources */ = {isa = PBXBuildFile; fileRef = 51BDA242173EE4FF00BD2C19 /* SDWebImageDownloaderOperation.m */; };
		51BDA255173EE4FF00BD2C19 /* SDWebImageManager.m in Sources */ = {isa = PBXBuildFile; fileRef = 51BDA244173EE4FF00BD2C19 /* SDWebImageManager.m */; };
		51BDA256173EE4FF00BD2C19 /* SDWebImagePrefetcher.m in Sources */ = {isa = PBXBuildFile; fileRef = 51BDA247173EE4FF00BD2C19 /* SDWebImagePrefetcher.m */; };
		51BDA257173EE4FF00BD2C19 /* UIButton+WebCache.m in Sources */ = {isa = PBXBuildFile; fileRef = 51BDA249173EE4FF00BD2C19 /* UIButton+WebCache.m */; };
		51BDA258173EE4FF00BD2C19 /* UIImage+GIF.m in Sources */ = {isa = PBXBuildFile; fileRef = 51BDA24B173EE4FF00BD2C19 /* UIImage+GIF.m */; };
		51BDA259173EE4FF00BD2C19 /* UIImageView+WebCache.m in Sources */ = {isa = PBXBuildFile; fileRef = 51BDA24D173EE4FF00BD2C19 /* UIImageView+WebCache.m */; };
		51BDA25B173EE62B00BD2C19 /* MapKit.framework in Frameworks */ = {isa = PBXBuildFile; fileRef = 51BDA25A173EE62B00BD2C19 /* MapKit.framework */; };
		51BDA25D173EE63000BD2C19 /* ImageIO.framework in Frameworks */ = {isa = PBXBuildFile; fileRef = 51BDA25C173EE63000BD2C19 /* ImageIO.framework */; };
		51BDA262173EF73C00BD2C19 /* FullScreenImageViewController.m in Sources */ = {isa = PBXBuildFile; fileRef = 51BDA261173EF73B00BD2C19 /* FullScreenImageViewController.m */; };
/* End PBXBuildFile section */

/* Begin PBXFileReference section */
		51BDA1ED173C1CB300BD2C19 /* TestImageView.app */ = {isa = PBXFileReference; explicitFileType = wrapper.application; includeInIndex = 0; path = TestImageView.app; sourceTree = BUILT_PRODUCTS_DIR; };
		51BDA1F0173C1CB300BD2C19 /* UIKit.framework */ = {isa = PBXFileReference; lastKnownFileType = wrapper.framework; name = UIKit.framework; path = System/Library/Frameworks/UIKit.framework; sourceTree = SDKROOT; };
		51BDA1F2173C1CB300BD2C19 /* Foundation.framework */ = {isa = PBXFileReference; lastKnownFileType = wrapper.framework; name = Foundation.framework; path = System/Library/Frameworks/Foundation.framework; sourceTree = SDKROOT; };
		51BDA1F4173C1CB300BD2C19 /* CoreGraphics.framework */ = {isa = PBXFileReference; lastKnownFileType = wrapper.framework; name = CoreGraphics.framework; path = System/Library/Frameworks/CoreGraphics.framework; sourceTree = SDKROOT; };
		51BDA1F8173C1CB400BD2C19 /* TestImageView-Info.plist */ = {isa = PBXFileReference; lastKnownFileType = text.plist.xml; path = "TestImageView-Info.plist"; sourceTree = "<group>"; };
		51BDA1FA173C1CB400BD2C19 /* en */ = {isa = PBXFileReference; lastKnownFileType = text.plist.strings; name = en; path = en.lproj/InfoPlist.strings; sourceTree = "<group>"; };
		51BDA1FC173C1CB400BD2C19 /* main.m */ = {isa = PBXFileReference; lastKnownFileType = sourcecode.c.objc; path = main.m; sourceTree = "<group>"; };
		51BDA1FE173C1CB400BD2C19 /* TestImageView-Prefix.pch */ = {isa = PBXFileReference; lastKnownFileType = sourcecode.c.h; path = "TestImageView-Prefix.pch"; sourceTree = "<group>"; };
		51BDA1FF173C1CB400BD2C19 /* AppDelegate.h */ = {isa = PBXFileReference; lastKnownFileType = sourcecode.c.h; path = AppDelegate.h; sourceTree = "<group>"; };
		51BDA200173C1CB400BD2C19 /* AppDelegate.m */ = {isa = PBXFileReference; lastKnownFileType = sourcecode.c.objc; path = AppDelegate.m; sourceTree = "<group>"; };
		51BDA202173C1CB400BD2C19 /* Default.png */ = {isa = PBXFileReference; lastKnownFileType = image.png; path = Default.png; sourceTree = "<group>"; };
		51BDA204173C1CB400BD2C19 /* Default@2x.png */ = {isa = PBXFileReference; lastKnownFileType = image.png; path = "Default@2x.png"; sourceTree = "<group>"; };
		51BDA206173C1CB400BD2C19 /* Default-568h@2x.png */ = {isa = PBXFileReference; lastKnownFileType = image.png; path = "Default-568h@2x.png"; sourceTree = "<group>"; };
		51BDA209173C1CB400BD2C19 /* en */ = {isa = PBXFileReference; lastKnownFileType = file.storyboard; name = en; path = en.lproj/MainStoryboard.storyboard; sourceTree = "<group>"; };
		51BDA20B173C1CB400BD2C19 /* ViewController.h */ = {isa = PBXFileReference; lastKnownFileType = sourcecode.c.h; path = ViewController.h; sourceTree = "<group>"; };
		51BDA20C173C1CB400BD2C19 /* ViewController.m */ = {isa = PBXFileReference; lastKnownFileType = sourcecode.c.objc; path = ViewController.m; sourceTree = "<group>"; };
		51BDA230173C1E0200BD2C19 /* MobileCoreServices.framework */ = {isa = PBXFileReference; lastKnownFileType = wrapper.framework; name = MobileCoreServices.framework; path = System/Library/Frameworks/MobileCoreServices.framework; sourceTree = SDKROOT; };
		51BDA232173C1E2700BD2C19 /* SystemConfiguration.framework */ = {isa = PBXFileReference; lastKnownFileType = wrapper.framework; name = SystemConfiguration.framework; path = System/Library/Frameworks/SystemConfiguration.framework; sourceTree = SDKROOT; };
		51BDA235173EE4FF00BD2C19 /* MKAnnotationView+WebCache.h */ = {isa = PBXFileReference; fileEncoding = 4; lastKnownFileType = sourcecode.c.h; path = "MKAnnotationView+WebCache.h"; sourceTree = "<group>"; };
		51BDA236173EE4FF00BD2C19 /* MKAnnotationView+WebCache.m */ = {isa = PBXFileReference; fileEncoding = 4; lastKnownFileType = sourcecode.c.objc; path = "MKAnnotationView+WebCache.m"; sourceTree = "<group>"; };
		51BDA237173EE4FF00BD2C19 /* NSData+GIF.h */ = {isa = PBXFileReference; fileEncoding = 4; lastKnownFileType = sourcecode.c.h; path = "NSData+GIF.h"; sourceTree = "<group>"; };
		51BDA238173EE4FF00BD2C19 /* NSData+GIF.m */ = {isa = PBXFileReference; fileEncoding = 4; lastKnownFileType = sourcecode.c.objc; path = "NSData+GIF.m"; sourceTree = "<group>"; };
		51BDA239173EE4FF00BD2C19 /* SDImageCache.h */ = {isa = PBXFileReference; fileEncoding = 4; lastKnownFileType = sourcecode.c.h; path = SDImageCache.h; sourceTree = "<group>"; };
		51BDA23A173EE4FF00BD2C19 /* SDImageCache.m */ = {isa = PBXFileReference; fileEncoding = 4; lastKnownFileType = sourcecode.c.objc; path = SDImageCache.m; sourceTree = "<group>"; };
		51BDA23B173EE4FF00BD2C19 /* SDWebImageCompat.h */ = {isa = PBXFileReference; fileEncoding = 4; lastKnownFileType = sourcecode.c.h; path = SDWebImageCompat.h; sourceTree = "<group>"; };
		51BDA23C173EE4FF00BD2C19 /* SDWebImageCompat.m */ = {isa = PBXFileReference; fileEncoding = 4; lastKnownFileType = sourcecode.c.objc; path = SDWebImageCompat.m; sourceTree = "<group>"; };
		51BDA23D173EE4FF00BD2C19 /* SDWebImageDecoder.h */ = {isa = PBXFileReference; fileEncoding = 4; lastKnownFileType = sourcecode.c.h; path = SDWebImageDecoder.h; sourceTree = "<group>"; };
		51BDA23E173EE4FF00BD2C19 /* SDWebImageDecoder.m */ = {isa = PBXFileReference; fileEncoding = 4; lastKnownFileType = sourcecode.c.objc; path = SDWebImageDecoder.m; sourceTree = "<group>"; };
		51BDA23F173EE4FF00BD2C19 /* SDWebImageDownloader.h */ = {isa = PBXFileReference; fileEncoding = 4; lastKnownFileType = sourcecode.c.h; path = SDWebImageDownloader.h; sourceTree = "<group>"; };
		51BDA240173EE4FF00BD2C19 /* SDWebImageDownloader.m */ = {isa = PBXFileReference; fileEncoding = 4; lastKnownFileType = sourcecode.c.objc; path = SDWebImageDownloader.m; sourceTree = "<group>"; };
		51BDA241173EE4FF00BD2C19 /* SDWebImageDownloaderOperation.h */ = {isa = PBXFileReference; fileEncoding = 4; lastKnownFileType = sourcecode.c.h; path = SDWebImageDownloaderOperation.h; sourceTree = "<group>"; };
		51BDA242173EE4FF00BD2C19 /* SDWebImageDownloaderOperation.m */ = {isa = PBXFileReference; fileEncoding = 4; lastKnownFileType = sourcecode.c.objc; path = SDWebImageDownloaderOperation.m; sourceTree = "<group>"; };
		51BDA243173EE4FF00BD2C19 /* SDWebImageManager.h */ = {isa = PBXFileReference; fileEncoding = 4; lastKnownFileType = sourcecode.c.h; path = SDWebImageManager.h; sourceTree = "<group>"; };
		51BDA244173EE4FF00BD2C19 /* SDWebImageManager.m */ = {isa = PBXFileReference; fileEncoding = 4; lastKnownFileType = sourcecode.c.objc; path = SDWebImageManager.m; sourceTree = "<group>"; };
		51BDA245173EE4FF00BD2C19 /* SDWebImageOperation.h */ = {isa = PBXFileReference; fileEncoding = 4; lastKnownFileType = sourcecode.c.h; path = SDWebImageOperation.h; sourceTree = "<group>"; };
		51BDA246173EE4FF00BD2C19 /* SDWebImagePrefetcher.h */ = {isa = PBXFileReference; fileEncoding = 4; lastKnownFileType = sourcecode.c.h; path = SDWebImagePrefetcher.h; sourceTree = "<group>"; };
		51BDA247173EE4FF00BD2C19 /* SDWebImagePrefetcher.m */ = {isa = PBXFileReference; fileEncoding = 4; lastKnownFileType = sourcecode.c.objc; path = SDWebImagePrefetcher.m; sourceTree = "<group>"; };
		51BDA248173EE4FF00BD2C19 /* UIButton+WebCache.h */ = {isa = PBXFileReference; fileEncoding = 4; lastKnownFileType = sourcecode.c.h; path = "UIButton+WebCache.h"; sourceTree = "<group>"; };
		51BDA249173EE4FF00BD2C19 /* UIButton+WebCache.m */ = {isa = PBXFileReference; fileEncoding = 4; lastKnownFileType = sourcecode.c.objc; path = "UIButton+WebCache.m"; sourceTree = "<group>"; };
		51BDA24A173EE4FF00BD2C19 /* UIImage+GIF.h */ = {isa = PBXFileReference; fileEncoding = 4; lastKnownFileType = sourcecode.c.h; path = "UIImage+GIF.h"; sourceTree = "<group>"; };
		51BDA24B173EE4FF00BD2C19 /* UIImage+GIF.m */ = {isa = PBXFileReference; fileEncoding = 4; lastKnownFileType = sourcecode.c.objc; path = "UIImage+GIF.m"; sourceTree = "<group>"; };
		51BDA24C173EE4FF00BD2C19 /* UIImageView+WebCache.h */ = {isa = PBXFileReference; fileEncoding = 4; lastKnownFileType = sourcecode.c.h; path = "UIImageView+WebCache.h"; sourceTree = "<group>"; };
		51BDA24D173EE4FF00BD2C19 /* UIImageView+WebCache.m */ = {isa = PBXFileReference; fileEncoding = 4; lastKnownFileType = sourcecode.c.objc; path = "UIImageView+WebCache.m"; sourceTree = "<group>"; };
		51BDA25A173EE62B00BD2C19 /* MapKit.framework */ = {isa = PBXFileReference; lastKnownFileType = wrapper.framework; name = MapKit.framework; path = System/Library/Frameworks/MapKit.framework; sourceTree = SDKROOT; };
		51BDA25C173EE63000BD2C19 /* ImageIO.framework */ = {isa = PBXFileReference; lastKnownFileType = wrapper.framework; name = ImageIO.framework; path = System/Library/Frameworks/ImageIO.framework; sourceTree = SDKROOT; };
		51BDA260173EF73B00BD2C19 /* FullScreenImageViewController.h */ = {isa = PBXFileReference; fileEncoding = 4; lastKnownFileType = sourcecode.c.h; path = FullScreenImageViewController.h; sourceTree = "<group>"; };
		51BDA261173EF73B00BD2C19 /* FullScreenImageViewController.m */ = {isa = PBXFileReference; fileEncoding = 4; lastKnownFileType = sourcecode.c.objc; path = FullScreenImageViewController.m; sourceTree = "<group>"; };
/* End PBXFileReference section */

/* Begin PBXFrameworksBuildPhase section */
		51BDA1EA173C1CB300BD2C19 /* Frameworks */ = {
			isa = PBXFrameworksBuildPhase;
			buildActionMask = 2147483647;
			files = (
				51BDA25D173EE63000BD2C19 /* ImageIO.framework in Frameworks */,
				51BDA25B173EE62B00BD2C19 /* MapKit.framework in Frameworks */,
				51BDA233173C1E2700BD2C19 /* SystemConfiguration.framework in Frameworks */,
				51BDA231173C1E0200BD2C19 /* MobileCoreServices.framework in Frameworks */,
				51BDA1F1173C1CB300BD2C19 /* UIKit.framework in Frameworks */,
				51BDA1F3173C1CB300BD2C19 /* Foundation.framework in Frameworks */,
				51BDA1F5173C1CB300BD2C19 /* CoreGraphics.framework in Frameworks */,
			);
			runOnlyForDeploymentPostprocessing = 0;
		};
/* End PBXFrameworksBuildPhase section */

/* Begin PBXGroup section */
		51BDA1E4173C1CB300BD2C19 = {
			isa = PBXGroup;
			children = (
				51BDA25C173EE63000BD2C19 /* ImageIO.framework */,
				51BDA25A173EE62B00BD2C19 /* MapKit.framework */,
				51BDA1F6173C1CB300BD2C19 /* TestImageView */,
				51BDA1EF173C1CB300BD2C19 /* Frameworks */,
				51BDA1EE173C1CB300BD2C19 /* Products */,
			);
			sourceTree = "<group>";
		};
		51BDA1EE173C1CB300BD2C19 /* Products */ = {
			isa = PBXGroup;
			children = (
				51BDA1ED173C1CB300BD2C19 /* TestImageView.app */,
			);
			name = Products;
			sourceTree = "<group>";
		};
		51BDA1EF173C1CB300BD2C19 /* Frameworks */ = {
			isa = PBXGroup;
			children = (
				51BDA1F0173C1CB300BD2C19 /* UIKit.framework */,
				51BDA1F2173C1CB300BD2C19 /* Foundation.framework */,
				51BDA1F4173C1CB300BD2C19 /* CoreGraphics.framework */,
				51BDA232173C1E2700BD2C19 /* SystemConfiguration.framework */,
				51BDA230173C1E0200BD2C19 /* MobileCoreServices.framework */,
			);
			name = Frameworks;
			sourceTree = "<group>";
		};
		51BDA1F6173C1CB300BD2C19 /* TestImageView */ = {
			isa = PBXGroup;
			children = (
				51BDA1FF173C1CB400BD2C19 /* AppDelegate.h */,
				51BDA200173C1CB400BD2C19 /* AppDelegate.m */,
				51BDA208173C1CB400BD2C19 /* MainStoryboard.storyboard */,
				51BDA20B173C1CB400BD2C19 /* ViewController.h */,
				51BDA20C173C1CB400BD2C19 /* ViewController.m */,
				51BDA260173EF73B00BD2C19 /* FullScreenImageViewController.h */,
				51BDA261173EF73B00BD2C19 /* FullScreenImageViewController.m */,
				51BDA234173EE4FF00BD2C19 /* SDWebImage */,
				51BDA1F7173C1CB400BD2C19 /* Supporting Files */,
			);
			path = TestImageView;
			sourceTree = "<group>";
		};
		51BDA1F7173C1CB400BD2C19 /* Supporting Files */ = {
			isa = PBXGroup;
			children = (
				51BDA1F8173C1CB400BD2C19 /* TestImageView-Info.plist */,
				51BDA1F9173C1CB400BD2C19 /* InfoPlist.strings */,
				51BDA1FC173C1CB400BD2C19 /* main.m */,
				51BDA1FE173C1CB400BD2C19 /* TestImageView-Prefix.pch */,
				51BDA202173C1CB400BD2C19 /* Default.png */,
				51BDA204173C1CB400BD2C19 /* Default@2x.png */,
				51BDA206173C1CB400BD2C19 /* Default-568h@2x.png */,
			);
			name = "Supporting Files";
			sourceTree = "<group>";
		};
		51BDA234173EE4FF00BD2C19 /* SDWebImage */ = {
			isa = PBXGroup;
			children = (
				51BDA235173EE4FF00BD2C19 /* MKAnnotationView+WebCache.h */,
				51BDA236173EE4FF00BD2C19 /* MKAnnotationView+WebCache.m */,
				51BDA237173EE4FF00BD2C19 /* NSData+GIF.h */,
				51BDA238173EE4FF00BD2C19 /* NSData+GIF.m */,
				51BDA239173EE4FF00BD2C19 /* SDImageCache.h */,
				51BDA23A173EE4FF00BD2C19 /* SDImageCache.m */,
				51BDA23B173EE4FF00BD2C19 /* SDWebImageCompat.h */,
				51BDA23C173EE4FF00BD2C19 /* SDWebImageCompat.m */,
				51BDA23D173EE4FF00BD2C19 /* SDWebImageDecoder.h */,
				51BDA23E173EE4FF00BD2C19 /* SDWebImageDecoder.m */,
				51BDA23F173EE4FF00BD2C19 /* SDWebImageDownloader.h */,
				51BDA240173EE4FF00BD2C19 /* SDWebImageDownloader.m */,
				51BDA241173EE4FF00BD2C19 /* SDWebImageDownloaderOperation.h */,
				51BDA242173EE4FF00BD2C19 /* SDWebImageDownloaderOperation.m */,
				51BDA243173EE4FF00BD2C19 /* SDWebImageManager.h */,
				51BDA244173EE4FF00BD2C19 /* SDWebImageManager.m */,
				51BDA245173EE4FF00BD2C19 /* SDWebImageOperation.h */,
				51BDA246173EE4FF00BD2C19 /* SDWebImagePrefetcher.h */,
				51BDA247173EE4FF00BD2C19 /* SDWebImagePrefetcher.m */,
				51BDA248173EE4FF00BD2C19 /* UIButton+WebCache.h */,
				51BDA249173EE4FF00BD2C19 /* UIButton+WebCache.m */,
				51BDA24A173EE4FF00BD2C19 /* UIImage+GIF.h */,
				51BDA24B173EE4FF00BD2C19 /* UIImage+GIF.m */,
				51BDA24C173EE4FF00BD2C19 /* UIImageView+WebCache.h */,
				51BDA24D173EE4FF00BD2C19 /* UIImageView+WebCache.m */,
			);
			path = SDWebImage;
			sourceTree = "<group>";
		};
/* End PBXGroup section */

/* Begin PBXNativeTarget section */
		51BDA1EC173C1CB300BD2C19 /* TestImageView */ = {
			isa = PBXNativeTarget;
			buildConfigurationList = 51BDA210173C1CB400BD2C19 /* Build configuration list for PBXNativeTarget "TestImageView" */;
			buildPhases = (
				51BDA1E9173C1CB300BD2C19 /* Sources */,
				51BDA1EA173C1CB300BD2C19 /* Frameworks */,
				51BDA1EB173C1CB300BD2C19 /* Resources */,
			);
			buildRules = (
			);
			dependencies = (
			);
			name = TestImageView;
			productName = TestImageView;
			productReference = 51BDA1ED173C1CB300BD2C19 /* TestImageView.app */;
			productType = "com.apple.product-type.application";
		};
/* End PBXNativeTarget section */

/* Begin PBXProject section */
		51BDA1E5173C1CB300BD2C19 /* Project object */ = {
			isa = PBXProject;
			attributes = {
				LastUpgradeCheck = 0460;
				ORGANIZATIONNAME = "Devang Mundhra";
			};
			buildConfigurationList = 51BDA1E8173C1CB300BD2C19 /* Build configuration list for PBXProject "TestImageView" */;
			compatibilityVersion = "Xcode 3.2";
			developmentRegion = English;
			hasScannedForEncodings = 0;
			knownRegions = (
				en,
			);
			mainGroup = 51BDA1E4173C1CB300BD2C19;
			productRefGroup = 51BDA1EE173C1CB300BD2C19 /* Products */;
			projectDirPath = "";
			projectRoot = "";
			targets = (
				51BDA1EC173C1CB300BD2C19 /* TestImageView */,
			);
		};
/* End PBXProject section */

/* Begin PBXResourcesBuildPhase section */
		51BDA1EB173C1CB300BD2C19 /* Resources */ = {
			isa = PBXResourcesBuildPhase;
			buildActionMask = 2147483647;
			files = (
				51BDA1FB173C1CB400BD2C19 /* InfoPlist.strings in Resources */,
				51BDA203173C1CB400BD2C19 /* Default.png in Resources */,
				51BDA205173C1CB400BD2C19 /* Default@2x.png in Resources */,
				51BDA207173C1CB400BD2C19 /* Default-568h@2x.png in Resources */,
				51BDA20A173C1CB400BD2C19 /* MainStoryboard.storyboard in Resources */,
			);
			runOnlyForDeploymentPostprocessing = 0;
		};
/* End PBXResourcesBuildPhase section */

/* Begin PBXSourcesBuildPhase section */
		51BDA1E9173C1CB300BD2C19 /* Sources */ = {
			isa = PBXSourcesBuildPhase;
			buildActionMask = 2147483647;
			files = (
				51BDA1FD173C1CB400BD2C19 /* main.m in Sources */,
				51BDA201173C1CB400BD2C19 /* AppDelegate.m in Sources */,
				51BDA20D173C1CB400BD2C19 /* ViewController.m in Sources */,
				51BDA24E173EE4FF00BD2C19 /* MKAnnotationView+WebCache.m in Sources */,
				51BDA24F173EE4FF00BD2C19 /* NSData+GIF.m in Sources */,
				51BDA250173EE4FF00BD2C19 /* SDImageCache.m in Sources */,
				51BDA251173EE4FF00BD2C19 /* SDWebImageCompat.m in Sources */,
				51BDA252173EE4FF00BD2C19 /* SDWebImageDecoder.m in Sources */,
				51BDA253173EE4FF00BD2C19 /* SDWebImageDownloader.m in Sources */,
				51BDA254173EE4FF00BD2C19 /* SDWebImageDownloaderOperation.m in Sources */,
				51BDA255173EE4FF00BD2C19 /* SDWebImageManager.m in Sources */,
				51BDA256173EE4FF00BD2C19 /* SDWebImagePrefetcher.m in Sources */,
				51BDA257173EE4FF00BD2C19 /* UIButton+WebCache.m in Sources */,
				51BDA258173EE4FF00BD2C19 /* UIImage+GIF.m in Sources */,
				51BDA259173EE4FF00BD2C19 /* UIImageView+WebCache.m in Sources */,
				51BDA262173EF73C00BD2C19 /* FullScreenImageViewController.m in Sources */,
			);
			runOnlyForDeploymentPostprocessing = 0;
		};
/* End PBXSourcesBuildPhase section */

/* Begin PBXVariantGroup section */
		51BDA1F9173C1CB400BD2C19 /* InfoPlist.strings */ = {
			isa = PBXVariantGroup;
			children = (
				51BDA1FA173C1CB400BD2C19 /* en */,
			);
			name = InfoPlist.strings;
			sourceTree = "<group>";
		};
		51BDA208173C1CB400BD2C19 /* MainStoryboard.storyboard */ = {
			isa = PBXVariantGroup;
			children = (
				51BDA209173C1CB400BD2C19 /* en */,
			);
			name = MainStoryboard.storyboard;
			sourceTree = "<group>";
		};
/* End PBXVariantGroup section */

/* Begin XCBuildConfiguration section */
		51BDA20E173C1CB400BD2C19 /* Debug */ = {
			isa = XCBuildConfiguration;
			buildSettings = {
				ALWAYS_SEARCH_USER_PATHS = NO;
				CLANG_CXX_LANGUAGE_STANDARD = "gnu++0x";
				CLANG_CXX_LIBRARY = "libc++";
				CLANG_ENABLE_OBJC_ARC = YES;
				CLANG_WARN_CONSTANT_CONVERSION = YES;
				CLANG_WARN_EMPTY_BODY = YES;
				CLANG_WARN_ENUM_CONVERSION = YES;
				CLANG_WARN_INT_CONVERSION = YES;
				CLANG_WARN__DUPLICATE_METHOD_MATCH = YES;
				"CODE_SIGN_IDENTITY[sdk=iphoneos*]" = "iPhone Developer";
				COPY_PHASE_STRIP = NO;
				GCC_C_LANGUAGE_STANDARD = gnu99;
				GCC_DYNAMIC_NO_PIC = NO;
				GCC_OPTIMIZATION_LEVEL = 0;
				GCC_PREPROCESSOR_DEFINITIONS = (
					"DEBUG=1",
					"$(inherited)",
				);
				GCC_SYMBOLS_PRIVATE_EXTERN = NO;
				GCC_WARN_ABOUT_RETURN_TYPE = YES;
				GCC_WARN_UNINITIALIZED_AUTOS = YES;
				GCC_WARN_UNUSED_VARIABLE = YES;
				IPHONEOS_DEPLOYMENT_TARGET = 6.0;
				ONLY_ACTIVE_ARCH = YES;
				SDKROOT = iphoneos;
			};
			name = Debug;
		};
		51BDA20F173C1CB400BD2C19 /* Release */ = {
			isa = XCBuildConfiguration;
			buildSettings = {
				ALWAYS_SEARCH_USER_PATHS = NO;
				CLANG_CXX_LANGUAGE_STANDARD = "gnu++0x";
				CLANG_CXX_LIBRARY = "libc++";
				CLANG_ENABLE_OBJC_ARC = YES;
				CLANG_WARN_CONSTANT_CONVERSION = YES;
				CLANG_WARN_EMPTY_BODY = YES;
				CLANG_WARN_ENUM_CONVERSION = YES;
				CLANG_WARN_INT_CONVERSION = YES;
				CLANG_WARN__DUPLICATE_METHOD_MATCH = YES;
				"CODE_SIGN_IDENTITY[sdk=iphoneos*]" = "iPhone Developer";
				COPY_PHASE_STRIP = YES;
				GCC_C_LANGUAGE_STANDARD = gnu99;
				GCC_WARN_ABOUT_RETURN_TYPE = YES;
				GCC_WARN_UNINITIALIZED_AUTOS = YES;
				GCC_WARN_UNUSED_VARIABLE = YES;
				IPHONEOS_DEPLOYMENT_TARGET = 6.0;
				OTHER_CFLAGS = "-DNS_BLOCK_ASSERTIONS=1";
				SDKROOT = iphoneos;
				VALIDATE_PRODUCT = YES;
			};
			name = Release;
		};
		51BDA211173C1CB400BD2C19 /* Debug */ = {
			isa = XCBuildConfiguration;
			buildSettings = {
				GCC_PRECOMPILE_PREFIX_HEADER = YES;
				GCC_PREFIX_HEADER = "TestImageView/TestImageView-Prefix.pch";
				INFOPLIST_FILE = "TestImageView/TestImageView-Info.plist";
				IPHONEOS_DEPLOYMENT_TARGET = 6.0;
				PRODUCT_NAME = "$(TARGET_NAME)";
				WRAPPER_EXTENSION = app;
			};
			name = Debug;
		};
		51BDA212173C1CB400BD2C19 /* Release */ = {
			isa = XCBuildConfiguration;
			buildSettings = {
				GCC_PRECOMPILE_PREFIX_HEADER = YES;
				GCC_PREFIX_HEADER = "TestImageView/TestImageView-Prefix.pch";
				INFOPLIST_FILE = "TestImageView/TestImageView-Info.plist";
				IPHONEOS_DEPLOYMENT_TARGET = 6.0;
				PRODUCT_NAME = "$(TARGET_NAME)";
				WRAPPER_EXTENSION = app;
			};
			name = Release;
		};
/* End XCBuildConfiguration section */

/* Begin XCConfigurationList section */
		51BDA1E8173C1CB300BD2C19 /* Build configuration list for PBXProject "TestImageView" */ = {
			isa = XCConfigurationList;
			buildConfigurations = (
				51BDA20E173C1CB400BD2C19 /* Debug */,
				51BDA20F173C1CB400BD2C19 /* Release */,
			);
			defaultConfigurationIsVisible = 0;
			defaultConfigurationName = Release;
		};
		51BDA210173C1CB400BD2C19 /* Build configuration list for PBXNativeTarget "TestImageView" */ = {
			isa = XCConfigurationList;
			buildConfigurations = (
				51BDA211173C1CB400BD2C19 /* Debug */,
				51BDA212173C1CB400BD2C19 /* Release */,
			);
			defaultConfigurationIsVisible = 0;
			defaultConfigurationName = Release;
		};
/* End XCConfigurationList section */
	};
	rootObject = 51BDA1E5173C1CB300BD2C19 /* Project object */;
}
